{
  "name": "my_blog",
  "version": "1.0.0",
  "lockfileVersion": 1,
  "requires": true,
  "dependencies": {
    "@vuepress-reco/vuepress-plugin-bgm-player": {
      "version": "1.1.4",
      "resolved": "https://registry.npmmirror.com/@vuepress-reco/vuepress-plugin-bgm-player/download/@vuepress-reco/vuepress-plugin-bgm-player-1.1.4.tgz",
      "integrity": "sha1-wxB8sJfzI6mGrGAEs9+1VpAedPU="
    },
    "@vuepress-reco/vuepress-plugin-kan-ban-niang": {
      "version": "1.0.5",
      "resolved": "https://registry.npmmirror.com/@vuepress-reco/vuepress-plugin-kan-ban-niang/download/@vuepress-reco/vuepress-plugin-kan-ban-niang-1.0.5.tgz",
      "integrity": "sha1-c7RwlPGgevBZI/6a5sJaTDNYYWg="
    }
  }
}
